{
  "requires": true,
  "lockfileVersion": 1,
  "dependencies": {
    "jquery-charactercounter-plugin": {
      "version": "1.1.1",
      "resolved": "https://registry.npmjs.org/jquery-charactercounter-plugin/-/jquery-charactercounter-plugin-1.1.1.tgz",
      "integrity": "sha512-moAxw5VKoZDBGRM6FCCbUY8DBCx7UH5EguCgtt+o0fsNOT/M2FbNr/SpNazqa6UrgzuRGbn6EAfnP33LSQQzIA=="
    }
  }
}
